
Microsoft Visual Studio Solution File, Format Version 12.00
# Visual Studio Version 17
VisualStudioVersion = 17.7.34031.279
MinimumVisualStudioVersion = 10.0.40219.1
Project("{FAE04EC0-301F-11D3-BF4B-00C04F79EFBC}") = "Twitter.API", "Twitter.API\Twitter.API.csproj", "{D764E272-69AF-4702-9713-797317A8ADEF}"
EndProject
Project("{FAE04EC0-301F-11D3-BF4B-00C04F79EFBC}") = "Twitter.Core", "Twitter.Core\Twitter.Core.csproj", "{5532D05B-DB4B-4BA2-8D9A-A63DFE16CFF3}"
EndProject
Project("{FAE04EC0-301F-11D3-BF4B-00C04F79EFBC}") = "Twitter.DAL", "Twitter.DAL\Twitter.DAL.csproj", "{9B8601A8-EAA1-4ED2-9921-3426E4687315}"
EndProject
Project("{FAE04EC0-301F-11D3-BF4B-00C04F79EFBC}") = "Twitter.Business", "Twitter.Business\Twitter.Business.csproj", "{B1E12AD1-0F08-455B-BC71-745EFD784D77}"
EndProject
Global
	GlobalSection(SolutionConfigurationPlatforms) = preSolution
		Debug|Any CPU = Debug|Any CPU
		Release|Any CPU = Release|Any CPU
	EndGlobalSection
	GlobalSection(ProjectConfigurationPlatforms) = postSolution
		{D764E272-69AF-4702-9713-797317A8ADEF}.Debug|Any CPU.ActiveCfg = Debug|Any CPU
		{D764E272-69AF-4702-9713-797317A8ADEF}.Debug|Any CPU.Build.0 = Debug|Any CPU
		{D764E272-69AF-4702-9713-797317A8ADEF}.Release|Any CPU.ActiveCfg = Release|Any CPU
		{D764E272-69AF-4702-9713-797317A8ADEF}.Release|Any CPU.Build.0 = Release|Any CPU
		{5532D05B-DB4B-4BA2-8D9A-A63DFE16CFF3}.Debug|Any CPU.ActiveCfg = Debug|Any CPU
		{5532D05B-DB4B-4BA2-8D9A-A63DFE16CFF3}.Debug|Any CPU.Build.0 = Debug|Any CPU
		{5532D05B-DB4B-4BA2-8D9A-A63DFE16CFF3}.Release|Any CPU.ActiveCfg = Release|Any CPU
		{5532D05B-DB4B-4BA2-8D9A-A63DFE16CFF3}.Release|Any CPU.Build.0 = Release|Any CPU
		{9B8601A8-EAA1-4ED2-9921-3426E4687315}.Debug|Any CPU.ActiveCfg = Debug|Any CPU
		{9B8601A8-EAA1-4ED2-9921-3426E4687315}.Debug|Any CPU.Build.0 = Debug|Any CPU
		{9B8601A8-EAA1-4ED2-9921-3426E4687315}.Release|Any CPU.ActiveCfg = Release|Any CPU
		{9B8601A8-EAA1-4ED2-9921-3426E4687315}.Release|Any CPU.Build.0 = Release|Any CPU
		{B1E12AD1-0F08-455B-BC71-745EFD784D77}.Debug|Any CPU.ActiveCfg = Debug|Any CPU
		{B1E12AD1-0F08-455B-BC71-745EFD784D77}.Debug|Any CPU.Build.0 = Debug|Any CPU
		{B1E12AD1-0F08-455B-BC71-745EFD784D77}.Release|Any CPU.ActiveCfg = Release|Any CPU
		{B1E12AD1-0F08-455B-BC71-745EFD784D77}.Release|Any CPU.Build.0 = Release|Any CPU
	EndGlobalSection
	GlobalSection(SolutionProperties) = preSolution
		HideSolutionNode = FALSE
	EndGlobalSection
	GlobalSection(ExtensibilityGlobals) = postSolution
		SolutionGuid = {5CE195E2-0877-4F21-A716-C44A8B82261D}
	EndGlobalSection
EndGlobal
